<?xml version="1.0" encoding="utf-8"?>
<Project ToolsVersion="4.0" xmlns="http://schemas.microsoft.com/developer/msbuild/2003">
  <ItemGroup>
    <Filter Include="Source Files">
      <UniqueIdentifier>{4FC737F1-C7A5-4376-A066-2A32D752A2FF}</UniqueIdentifier>
      <Extensions>cpp;c;cc;cxx;def;odl;idl;hpj;bat;asm;asmx</Extensions>
    </Filter>
    <Filter Include="Header Files">
      <UniqueIdentifier>{93995380-89BD-4b04-88EB-625FBE52EBFB}</UniqueIdentifier>
      <Extensions>h;hh;hpp;hxx;hm;inl;inc;xsd</Extensions>
    </Filter>
    <Filter Include="Resource Files">
      <UniqueIdentifier>{67DA6AB6-F800-4c08-8B7A-83BB121AAD01}</UniqueIdentifier>
      <Extensions>rc;ico;cur;bmp;dlg;rc2;rct;bin;rgs;gif;jpg;jpeg;jpe;resx;tiff;tif;png;wav;mfcribbon-ms</Extensions>
    </Filter>
    <Filter Include="Header Files\Entities">
      <UniqueIdentifier>{3e7bd208-17d3-40f7-91bf-bc1fba9d1954}</UniqueIdentifier>
    </Filter>
    <Filter Include="Source Files\Entities">
      <UniqueIdentifier>{25d2ff61-bdf1-4f17-890a-5ae06b77ff16}</UniqueIdentifier>
    </Filter>
    <Filter Include="Header Files\Utilities">
      <UniqueIdentifier>{9dc1ad9c-896c-41cd-aaed-aa90f4c57efb}</UniqueIdentifier>
    </Filter>
    <Filter Include="Source Files\Utilities">
      <UniqueIdentifier>{235f3659-fa10-4112-889a-beaa6b6e0ba4}</UniqueIdentifier>
    </Filter>
    <Filter Include="Header Files\Main">
      <UniqueIdentifier>{89558510-5b3f-4809-8f54-eaba7b103299}</UniqueIdentifier>
    </Filter>
    <Filter Include="Source Files\Main">
      <UniqueIdentifier>{43bbcf40-e643-438e-9dae-20400b17a9e5}</UniqueIdentifier>
    </Filter>
    <Filter Include="Header Files\Main\Map">
      <UniqueIdentifier>{3cacf7f7-6d9b-4c0b-b322-d3cf428573b5}</UniqueIdentifier>
    </Filter>
    <Filter Include="Source Files\Main\Map">
      <UniqueIdentifier>{6110dc0a-c356-4091-acbe-c594cd405999}</UniqueIdentifier>
    </Filter>
  </ItemGroup>
  <ItemGroup>
    <ClCompile Include="main.cpp">
      <Filter>Source Files</Filter>
    </ClCompile>
    <ClCompile Include="PowBlock.cpp">
      <Filter>Source Files\Entities</Filter>
    </ClCompile>
    <ClCompile Include="Texture2D.cpp">
      <Filter>Source Files\Utilities</Filter>
    </ClCompile>
    <ClCompile Include="Collision.cpp">
      <Filter>Source Files\Utilities</Filter>
    </ClCompile>
    <ClCompile Include="Entity.cpp">
      <Filter>Source Files\Entities</Filter>
    </ClCompile>
    <ClCompile Include="StateManager.cpp">
      <Filter>Source Files\Main</Filter>
    </ClCompile>
    <ClCompile Include="Player.cpp">
      <Filter>Source Files\Entities</Filter>
    </ClCompile>
    <ClCompile Include="LevelMap.cpp">
      <Filter>Source Files\Main\Map</Filter>
    </ClCompile>
    <ClCompile Include="Enemy.cpp">
      <Filter>Source Files\Entities</Filter>
    </ClCompile>
    <ClCompile Include="Block.cpp">
      <Filter>Source Files\Entities</Filter>
    </ClCompile>
    <ClCompile Include="Pipe.cpp">
      <Filter>Source Files\Entities</Filter>
    </ClCompile>
    <ClCompile Include="SpriteSheet.cpp">
      <Filter>Source Files\Utilities</Filter>
    </ClCompile>
    <ClCompile Include="MovingEntity.cpp">
      <Filter>Source Files\Entities</Filter>
    </ClCompile>
    <ClCompile Include="Level.cpp">
      <Filter>Source Files\Main</Filter>
    </ClCompile>
    <ClCompile Include="TitleScreen.cpp">
      <Filter>Source Files\Main</Filter>
    </ClCompile>
    <ClCompile Include="Audio.cpp">
      <Filter>Source Files\Utilities</Filter>
    </ClCompile>
    <ClCompile Include="Animation.cpp">
      <Filter>Source Files\Utilities</Filter>
    </ClCompile>
    <ClCompile Include="AnimationHandler.cpp">
      <Filter>Source Files\Utilities</Filter>
    </ClCompile>
    <ClCompile Include="Text.cpp">
      <Filter>Source Files\Utilities</Filter>
    </ClCompile>
    <ClCompile Include="EntityManager.cpp">
      <Filter>Source Files\Utilities</Filter>
    </ClCompile>
  </ItemGroup>
  <ItemGroup>
    <Library Include="SDL\SDL2.lib" />
    <Library Include="SDL\SDL2_image.lib" />
    <Library Include="SDL\SDL2_mixer.lib" />
    <Library Include="SDL\SDL2main.lib" />
    <Library Include="SDL\ttf\lib\x86\SDL2_ttf.lib" />
  </ItemGroup>
  <ItemGroup>
    <ClInclude Include="Commons.h">
      <Filter>Header Files</Filter>
    </ClInclude>
    <ClInclude Include="Constants.h">
      <Filter>Header Files</Filter>
    </ClInclude>
    <ClInclude Include="PowBlock.h">
      <Filter>Header Files\Entities</Filter>
    </ClInclude>
    <ClInclude Include="Texture2D.h">
      <Filter>Header Files\Utilities</Filter>
    </ClInclude>
    <ClInclude Include="Collision.h">
      <Filter>Header Files\Utilities</Filter>
    </ClInclude>
    <ClInclude Include="Entity.h">
      <Filter>Header Files\Entities</Filter>
    </ClInclude>
    <ClInclude Include="StateManager.h">
      <Filter>Header Files\Main</Filter>
    </ClInclude>
    <ClInclude Include="Player.h">
      <Filter>Header Files\Entities</Filter>
    </ClInclude>
    <ClInclude Include="LevelMap.h">
      <Filter>Header Files\Main\Map</Filter>
    </ClInclude>
    <ClInclude Include="Enemy.h">
      <Filter>Header Files\Entities</Filter>
    </ClInclude>
    <ClInclude Include="Pipe.h">
      <Filter>Header Files\Entities</Filter>
    </ClInclude>
    <ClInclude Include="Block.h">
      <Filter>Header Files\Entities</Filter>
    </ClInclude>
    <ClInclude Include="SpriteSheet.h">
      <Filter>Header Files\Utilities</Filter>
    </ClInclude>
    <ClInclude Include="MovingEntity.h">
      <Filter>Header Files\Entities</Filter>
    </ClInclude>
    <ClInclude Include="Text.h">
      <Filter>Header Files\Entities</Filter>
    </ClInclude>
    <ClInclude Include="Level.h">
      <Filter>Header Files\Main</Filter>
    </ClInclude>
    <ClInclude Include="TitleScreen.h">
      <Filter>Header Files\Main</Filter>
    </ClInclude>
    <ClInclude Include="Audio.h">
      <Filter>Header Files\Utilities</Filter>
    </ClInclude>
    <ClInclude Include="Animation.h">
      <Filter>Header Files\Utilities</Filter>
    </ClInclude>
    <ClInclude Include="AnimationHandler.h">
      <Filter>Header Files\Utilities</Filter>
    </ClInclude>
    <ClInclude Include="EntityManager.h">
      <Filter>Header Files\Utilities</Filter>
    </ClInclude>
  </ItemGroup>
</Project>